
Microsoft Visual Studio Solution File, Format Version 12.00
# Visual Studio 15
VisualStudioVersion = 15.0.28307.852
MinimumVisualStudioVersion = 10.0.40219.1
Project("{FAE04EC0-301F-11D3-BF4B-00C04F79EFBC}") = "Lab4MTP", "Lab4MTP\Lab4MTP.csproj", "{3667A5AB-F650-48B9-A7BF-BE0B51ADCBAF}"
EndProject
Global
	GlobalSection(SolutionConfigurationPlatforms) = preSolution
		Debug|Any CPU = Debug|Any CPU
		Release|Any CPU = Release|Any CPU
	EndGlobalSection
	GlobalSection(ProjectConfigurationPlatforms) = postSolution
		{3667A5AB-F650-48B9-A7BF-BE0B51ADCBAF}.Debug|Any CPU.ActiveCfg = Debug|Any CPU
		{3667A5AB-F650-48B9-A7BF-BE0B51ADCBAF}.Debug|Any CPU.Build.0 = Debug|Any CPU
		{3667A5AB-F650-48B9-A7BF-BE0B51ADCBAF}.Release|Any CPU.ActiveCfg = Release|Any CPU
		{3667A5AB-F650-48B9-A7BF-BE0B51ADCBAF}.Release|Any CPU.Build.0 = Release|Any CPU
	EndGlobalSection
	GlobalSection(SolutionProperties) = preSolution
		HideSolutionNode = FALSE
	EndGlobalSection
	GlobalSection(ExtensibilityGlobals) = postSolution
		SolutionGuid = {80E7E69A-9D0D-44F8-A4B4-AF4C36DB69B3}
	EndGlobalSection
EndGlobal
